
Microsoft Visual Studio Solution File, Format Version 12.00
# Visual Studio Version 17
VisualStudioVersion = 17.5.33516.290
MinimumVisualStudioVersion = 10.0.40219.1
Project("{FAE04EC0-301F-11D3-BF4B-00C04F79EFBC}") = "JogoDaForcaSupinpa", "JogoDaForcaSupinpa\JogoDaForcaSupinpa.csproj", "{E8D2AF2B-DFBE-4C3D-91D0-84255C59F97F}"
EndProject
Global
	GlobalSection(SolutionConfigurationPlatforms) = preSolution
		Debug|Any CPU = Debug|Any CPU
		Release|Any CPU = Release|Any CPU
	EndGlobalSection
	GlobalSection(ProjectConfigurationPlatforms) = postSolution
		{E8D2AF2B-DFBE-4C3D-91D0-84255C59F97F}.Debug|Any CPU.ActiveCfg = Debug|Any CPU
		{E8D2AF2B-DFBE-4C3D-91D0-84255C59F97F}.Debug|Any CPU.Build.0 = Debug|Any CPU
		{E8D2AF2B-DFBE-4C3D-91D0-84255C59F97F}.Release|Any CPU.ActiveCfg = Release|Any CPU
		{E8D2AF2B-DFBE-4C3D-91D0-84255C59F97F}.Release|Any CPU.Build.0 = Release|Any CPU
	EndGlobalSection
	GlobalSection(SolutionProperties) = preSolution
		HideSolutionNode = FALSE
	EndGlobalSection
	GlobalSection(ExtensibilityGlobals) = postSolution
		SolutionGuid = {89675673-9BB3-42BE-952E-2142059EF3D5}
	EndGlobalSection
EndGlobal
